
Microsoft Visual Studio Solution File, Format Version 11.00
# Visual Studio 2010
Project("{FAE04EC0-301F-11D3-BF4B-00C04F79EFBC}") = "Boxes", "Boxes.csproj", "{ED5E72D7-1021-4524-9E4A-063ADB884F38}"
EndProject
Project("{FAE04EC0-301F-11D3-BF4B-00C04F79EFBC}") = "BoxesQuota", "Plugins\BoxesQuota\BoxesQuota.csproj", "{16CF0B8D-BA81-4EB2-A99F-C488191EA7DC}"
EndProject
Global
	GlobalSection(SolutionConfigurationPlatforms) = preSolution
		Debug|Any CPU = Debug|Any CPU
		Release|Any CPU = Release|Any CPU
	EndGlobalSection
	GlobalSection(ProjectConfigurationPlatforms) = postSolution
		{16CF0B8D-BA81-4EB2-A99F-C488191EA7DC}.Debug|Any CPU.ActiveCfg = Debug|Any CPU
		{16CF0B8D-BA81-4EB2-A99F-C488191EA7DC}.Debug|Any CPU.Build.0 = Debug|Any CPU
		{16CF0B8D-BA81-4EB2-A99F-C488191EA7DC}.Release|Any CPU.ActiveCfg = Release|Any CPU
		{16CF0B8D-BA81-4EB2-A99F-C488191EA7DC}.Release|Any CPU.Build.0 = Release|Any CPU
		{ED5E72D7-1021-4524-9E4A-063ADB884F38}.Debug|Any CPU.ActiveCfg = Debug|Any CPU
		{ED5E72D7-1021-4524-9E4A-063ADB884F38}.Debug|Any CPU.Build.0 = Debug|Any CPU
		{ED5E72D7-1021-4524-9E4A-063ADB884F38}.Release|Any CPU.ActiveCfg = Release|Any CPU
		{ED5E72D7-1021-4524-9E4A-063ADB884F38}.Release|Any CPU.Build.0 = Release|Any CPU
	EndGlobalSection
	GlobalSection(MonoDevelopProperties) = preSolution
		StartupItem = Boxes.csproj
	EndGlobalSection
	GlobalSection(SolutionProperties) = preSolution
		HideSolutionNode = FALSE
	EndGlobalSection
EndGlobal
